// !$*UTF8*$!
{
	archiveVersion = 1;
	classes = {
	};
	objectVersion = 46;
	objects = {

/* Begin PBXBuildFile section */
		29277BD31F049DB200A07A6E /* main.m in Sources */ = {isa = PBXBuildFile; fileRef = 29277BD21F049DB200A07A6E /* main.m */; };
		29277BD61F049DB200A07A6E /* AppDelegate.m in Sources */ = {isa = PBXBuildFile; fileRef = 29277BD51F049DB200A07A6E /* AppDelegate.m */; };
		29277BD91F049DB200A07A6E /* ViewController.m in Sources */ = {isa = PBXBuildFile; fileRef = 29277BD81F049DB200A07A6E /* ViewController.m */; };
		29277BDC1F049DB200A07A6E /* Main.storyboard in Resources */ = {isa = PBXBuildFile; fileRef = 29277BDA1F049DB200A07A6E /* Main.storyboard */; };
		29277BDE1F049DB200A07A6E /* Assets.xcassets in Resources */ = {isa = PBXBuildFile; fileRef = 29277BDD1F049DB200A07A6E /* Assets.xcassets */; };
		29277BE11F049DB200A07A6E /* LaunchScreen.storyboard in Resources */ = {isa = PBXBuildFile; fileRef = 29277BDF1F049DB200A07A6E /* LaunchScreen.storyboard */; };
		29277BEC1F049DB200A07A6E /* ____Tests.m in Sources */ = {isa = PBXBuildFile; fileRef = 29277BEB1F049DB200A07A6E /* ____Tests.m */; };
		29277BF71F049DB200A07A6E /* ____UITests.m in Sources */ = {isa = PBXBuildFile; fileRef = 29277BF61F049DB200A07A6E /* ____UITests.m */; };
/* End PBXBuildFile section */

/* Begin PBXContainerItemProxy section */
		29277BE81F049DB200A07A6E /* PBXContainerItemProxy */ = {
			isa = PBXContainerItemProxy;
			containerPortal = 29277BC61F049DB200A07A6E /* Project object */;
			proxyType = 1;
			remoteGlobalIDString = 29277BCD1F049DB200A07A6E;
			remoteInfo = "哈哈哈哈";
		};
		29277BF31F049DB200A07A6E /* PBXContainerItemProxy */ = {
			isa = PBXContainerItemProxy;
			containerPortal = 29277BC61F049DB200A07A6E /* Project object */;
			proxyType = 1;
			remoteGlobalIDString = 29277BCD1F049DB200A07A6E;
			remoteInfo = "哈哈哈哈";
		};
/* End PBXContainerItemProxy section */

/* Begin PBXFileReference section */
		29277BCE1F049DB200A07A6E /* 哈哈哈哈.app */ = {isa = PBXFileReference; explicitFileType = wrapper.application; includeInIndex = 0; path = "哈哈哈哈.app"; sourceTree = BUILT_PRODUCTS_DIR; };
		29277BD21F049DB200A07A6E /* main.m */ = {isa = PBXFileReference; lastKnownFileType = sourcecode.c.objc; path = main.m; sourceTree = "<group>"; };
		29277BD41F049DB200A07A6E /* AppDelegate.h */ = {isa = PBXFileReference; lastKnownFileType = sourcecode.c.h; path = AppDelegate.h; sourceTree = "<group>"; };
		29277BD51F049DB200A07A6E /* AppDelegate.m */ = {isa = PBXFileReference; lastKnownFileType = sourcecode.c.objc; path = AppDelegate.m; sourceTree = "<group>"; };
		29277BD71F049DB200A07A6E /* ViewController.h */ = {isa = PBXFileReference; lastKnownFileType = sourcecode.c.h; path = ViewController.h; sourceTree = "<group>"; };
		29277BD81F049DB200A07A6E /* ViewController.m */ = {isa = PBXFileReference; lastKnownFileType = sourcecode.c.objc; path = ViewController.m; sourceTree = "<group>"; };
		29277BDB1F049DB200A07A6E /* Base */ = {isa = PBXFileReference; lastKnownFileType = file.storyboard; name = Base; path = Base.lproj/Main.storyboard; sourceTree = "<group>"; };
		29277BDD1F049DB200A07A6E /* Assets.xcassets */ = {isa = PBXFileReference; lastKnownFileType = folder.assetcatalog; path = Assets.xcassets; sourceTree = "<group>"; };
		29277BE01F049DB200A07A6E /* Base */ = {isa = PBXFileReference; lastKnownFileType = file.storyboard; name = Base; path = Base.lproj/LaunchScreen.storyboard; sourceTree = "<group>"; };
		29277BE21F049DB200A07A6E /* Info.plist */ = {isa = PBXFileReference; lastKnownFileType = text.plist.xml; path = Info.plist; sourceTree = "<group>"; };
		29277BE71F049DB200A07A6E /* 哈哈哈哈Tests.xctest */ = {isa = PBXFileReference; explicitFileType = wrapper.cfbundle; includeInIndex = 0; path = "哈哈哈哈Tests.xctest"; sourceTree = BUILT_PRODUCTS_DIR; };
		29277BEB1F049DB200A07A6E /* ____Tests.m */ = {isa = PBXFileReference; lastKnownFileType = sourcecode.c.objc; path = "____Tests.m"; sourceTree = "<group>"; };
		29277BED1F049DB200A07A6E /* Info.plist */ = {isa = PBXFileReference; lastKnownFileType = text.plist.xml; path = Info.plist; sourceTree = "<group>"; };
		29277BF21F049DB200A07A6E /* 哈哈哈哈UITests.xctest */ = {isa = PBXFileReference; explicitFileType = wrapper.cfbundle; includeInIndex = 0; path = "哈哈哈哈UITests.xctest"; sourceTree = BUILT_PRODUCTS_DIR; };
		29277BF61F049DB200A07A6E /* ____UITests.m */ = {isa = PBXFileReference; lastKnownFileType = sourcecode.c.objc; path = "____UITests.m"; sourceTree = "<group>"; };
		29277BF81F049DB200A07A6E /* Info.plist */ = {isa = PBXFileReference; lastKnownFileType = text.plist.xml; path = Info.plist; sourceTree = "<group>"; };
/* End PBXFileReference section */

/* Begin PBXFrameworksBuildPhase section */
		29277BCB1F049DB200A07A6E /* Frameworks */ = {
			isa = PBXFrameworksBuildPhase;
			buildActionMask = 2147483647;
			files = (
			);
			runOnlyForDeploymentPostprocessing = 0;
		};
		29277BE41F049DB200A07A6E /* Frameworks */ = {
			isa = PBXFrameworksBuildPhase;
			buildActionMask = 2147483647;
			files = (
			);
			runOnlyForDeploymentPostprocessing = 0;
		};
		29277BEF1F049DB200A07A6E /* Frameworks */ = {
			isa = PBXFrameworksBuildPhase;
			buildActionMask = 2147483647;
			files = (
			);
			runOnlyForDeploymentPostprocessing = 0;
		};
/* End PBXFrameworksBuildPhase section */

/* Begin PBXGroup section */
		29277BC51F049DB200A07A6E = {
			isa = PBXGroup;
			children = (
				29277BD01F049DB200A07A6E /* 哈哈哈哈 */,
				29277BEA1F049DB200A07A6E /* 哈哈哈哈Tests */,
				29277BF51F049DB200A07A6E /* 哈哈哈哈UITests */,
				29277BCF1F049DB200A07A6E /* Products */,
			);
			sourceTree = "<group>";
		};
		29277BCF1F049DB200A07A6E /* Products */ = {
			isa = PBXGroup;
			children = (
				29277BCE1F049DB200A07A6E /* 哈哈哈哈.app */,
				29277BE71F049DB200A07A6E /* 哈哈哈哈Tests.xctest */,
				29277BF21F049DB200A07A6E /* 哈哈哈哈UITests.xctest */,
			);
			name = Products;
			sourceTree = "<group>";
		};
		29277BD01F049DB200A07A6E /* 哈哈哈哈 */ = {
			isa = PBXGroup;
			children = (
				29277BD41F049DB200A07A6E /* AppDelegate.h */,
				29277BD51F049DB200A07A6E /* AppDelegate.m */,
				29277BD71F049DB200A07A6E /* ViewController.h */,
				29277BD81F049DB200A07A6E /* ViewController.m */,
				29277BDA1F049DB200A07A6E /* Main.storyboard */,
				29277BDD1F049DB200A07A6E /* Assets.xcassets */,
				29277BDF1F049DB200A07A6E /* LaunchScreen.storyboard */,
				29277BE21F049DB200A07A6E /* Info.plist */,
				29277BD11F049DB200A07A6E /* Supporting Files */,
			);
			path = "哈哈哈哈";
			sourceTree = "<group>";
		};
		29277BD11F049DB200A07A6E /* Supporting Files */ = {
			isa = PBXGroup;
			children = (
				29277BD21F049DB200A07A6E /* main.m */,
			);
			name = "Supporting Files";
			sourceTree = "<group>";
		};
		29277BEA1F049DB200A07A6E /* 哈哈哈哈Tests */ = {
			isa = PBXGroup;
			children = (
				29277BEB1F049DB200A07A6E /* ____Tests.m */,
				29277BED1F049DB200A07A6E /* Info.plist */,
			);
			path = "哈哈哈哈Tests";
			sourceTree = "<group>";
		};
		29277BF51F049DB200A07A6E /* 哈哈哈哈UITests */ = {
			isa = PBXGroup;
			children = (
				29277BF61F049DB200A07A6E /* ____UITests.m */,
				29277BF81F049DB200A07A6E /* Info.plist */,
			);
			path = "哈哈哈哈UITests";
			sourceTree = "<group>";
		};
/* End PBXGroup section */

/* Begin PBXNativeTarget section */
		29277BCD1F049DB200A07A6E /* 哈哈哈哈 */ = {
			isa = PBXNativeTarget;
			buildConfigurationList = 29277BFB1F049DB200A07A6E /* Build configuration list for PBXNativeTarget "哈哈哈哈" */;
			buildPhases = (
				29277BCA1F049DB200A07A6E /* Sources */,
				29277BCB1F049DB200A07A6E /* Frameworks */,
				29277BCC1F049DB200A07A6E /* Resources */,
			);
			buildRules = (
			);
			dependencies = (
			);
			name = "哈哈哈哈";
			productName = "哈哈哈哈";
			productReference = 29277BCE1F049DB200A07A6E /* 哈哈哈哈.app */;
			productType = "com.apple.product-type.application";
		};
		29277BE61F049DB200A07A6E /* 哈哈哈哈Tests */ = {
			isa = PBXNativeTarget;
			buildConfigurationList = 29277BFE1F049DB200A07A6E /* Build configuration list for PBXNativeTarget "哈哈哈哈Tests" */;
			buildPhases = (
				29277BE31F049DB200A07A6E /* Sources */,
				29277BE41F049DB200A07A6E /* Frameworks */,
				29277BE51F049DB200A07A6E /* Resources */,
			);
			buildRules = (
			);
			dependencies = (
				29277BE91F049DB200A07A6E /* PBXTargetDependency */,
			);
			name = "哈哈哈哈Tests";
			productName = "哈哈哈哈Tests";
			productReference = 29277BE71F049DB200A07A6E /* 哈哈哈哈Tests.xctest */;
			productType = "com.apple.product-type.bundle.unit-test";
		};
		29277BF11F049DB200A07A6E /* 哈哈哈哈UITests */ = {
			isa = PBXNativeTarget;
			buildConfigurationList = 29277C011F049DB200A07A6E /* Build configuration list for PBXNativeTarget "哈哈哈哈UITests" */;
			buildPhases = (
				29277BEE1F049DB200A07A6E /* Sources */,
				29277BEF1F049DB200A07A6E /* Frameworks */,
				29277BF01F049DB200A07A6E /* Resources */,
			);
			buildRules = (
			);
			dependencies = (
				29277BF41F049DB200A07A6E /* PBXTargetDependency */,
			);
			name = "哈哈哈哈UITests";
			productName = "哈哈哈哈UITests";
			productReference = 29277BF21F049DB200A07A6E /* 哈哈哈哈UITests.xctest */;
			productType = "com.apple.product-type.bundle.ui-testing";
		};
/* End PBXNativeTarget section */

/* Begin PBXProject section */
		29277BC61F049DB200A07A6E /* Project object */ = {
			isa = PBXProject;
			attributes = {
				LastUpgradeCheck = 0830;
				ORGANIZATIONNAME = "青橙软件";
				TargetAttributes = {
					29277BCD1F049DB200A07A6E = {
						CreatedOnToolsVersion = 8.3.2;
						DevelopmentTeam = FC6L77GC7H;
						ProvisioningStyle = Automatic;
					};
					29277BE61F049DB200A07A6E = {
						CreatedOnToolsVersion = 8.3.2;
						DevelopmentTeam = FC6L77GC7H;
						ProvisioningStyle = Automatic;
						TestTargetID = 29277BCD1F049DB200A07A6E;
					};
					29277BF11F049DB200A07A6E = {
						CreatedOnToolsVersion = 8.3.2;
						DevelopmentTeam = FC6L77GC7H;
						ProvisioningStyle = Automatic;
						TestTargetID = 29277BCD1F049DB200A07A6E;
					};
				};
			};
			buildConfigurationList = 29277BC91F049DB200A07A6E /* Build configuration list for PBXProject "哈哈哈哈" */;
			compatibilityVersion = "Xcode 3.2";
			developmentRegion = English;
			hasScannedForEncodings = 0;
			knownRegions = (
				en,
				Base,
			);
			mainGroup = 29277BC51F049DB200A07A6E;
			productRefGroup = 29277BCF1F049DB200A07A6E /* Products */;
			projectDirPath = "";
			projectRoot = "";
			targets = (
				29277BCD1F049DB200A07A6E /* 哈哈哈哈 */,
				29277BE61F049DB200A07A6E /* 哈哈哈哈Tests */,
				29277BF11F049DB200A07A6E /* 哈哈哈哈UITests */,
			);
		};
/* End PBXProject section */

/* Begin PBXResourcesBuildPhase section */
		29277BCC1F049DB200A07A6E /* Resources */ = {
			isa = PBXResourcesBuildPhase;
			buildActionMask = 2147483647;
			files = (
				29277BE11F049DB200A07A6E /* LaunchScreen.storyboard in Resources */,
				29277BDE1F049DB200A07A6E /* Assets.xcassets in Resources */,
				29277BDC1F049DB200A07A6E /* Main.storyboard in Resources */,
			);
			runOnlyForDeploymentPostprocessing = 0;
		};
		29277BE51F049DB200A07A6E /* Resources */ = {
			isa = PBXResourcesBuildPhase;
			buildActionMask = 2147483647;
			files = (
			);
			runOnlyForDeploymentPostprocessing = 0;
		};
		29277BF01F049DB200A07A6E /* Resources */ = {
			isa = PBXResourcesBuildPhase;
			buildActionMask = 2147483647;
			files = (
			);
			runOnlyForDeploymentPostprocessing = 0;
		};
/* End PBXResourcesBuildPhase section */

/* Begin PBXSourcesBuildPhase section */
		29277BCA1F049DB200A07A6E /* Sources */ = {
			isa = PBXSourcesBuildPhase;
			buildActionMask = 2147483647;
			files = (
				29277BD91F049DB200A07A6E /* ViewController.m in Sources */,
				29277BD61F049DB200A07A6E /* AppDelegate.m in Sources */,
				29277BD31F049DB200A07A6E /* main.m in Sources */,
			);
			runOnlyForDeploymentPostprocessing = 0;
		};
		29277BE31F049DB200A07A6E /* Sources */ = {
			isa = PBXSourcesBuildPhase;
			buildActionMask = 2147483647;
			files = (
				29277BEC1F049DB200A07A6E /* ____Tests.m in Sources */,
			);
			runOnlyForDeploymentPostprocessing = 0;
		};
		29277BEE1F049DB200A07A6E /* Sources */ = {
			isa = PBXSourcesBuildPhase;
			buildActionMask = 2147483647;
			files = (
				29277BF71F049DB200A07A6E /* ____UITests.m in Sources */,
			);
			runOnlyForDeploymentPostprocessing = 0;
		};
/* End PBXSourcesBuildPhase section */

/* Begin PBXTargetDependency section */
		29277BE91F049DB200A07A6E /* PBXTargetDependency */ = {
			isa = PBXTargetDependency;
			target = 29277BCD1F049DB200A07A6E /* 哈哈哈哈 */;
			targetProxy = 29277BE81F049DB200A07A6E /* PBXContainerItemProxy */;
		};
		29277BF41F049DB200A07A6E /* PBXTargetDependency */ = {
			isa = PBXTargetDependency;
			target = 29277BCD1F049DB200A07A6E /* 哈哈哈哈 */;
			targetProxy = 29277BF31F049DB200A07A6E /* PBXContainerItemProxy */;
		};
/* End PBXTargetDependency section */

/* Begin PBXVariantGroup section */
		29277BDA1F049DB200A07A6E /* Main.storyboard */ = {
			isa = PBXVariantGroup;
			children = (
				29277BDB1F049DB200A07A6E /* Base */,
			);
			name = Main.storyboard;
			sourceTree = "<group>";
		};
		29277BDF1F049DB200A07A6E /* LaunchScreen.storyboard */ = {
			isa = PBXVariantGroup;
			children = (
				29277BE01F049DB200A07A6E /* Base */,
			);
			name = LaunchScreen.storyboard;
			sourceTree = "<group>";
		};
/* End PBXVariantGroup section */

/* Begin XCBuildConfiguration section */
		29277BF91F049DB200A07A6E /* Debug */ = {
			isa = XCBuildConfiguration;
			buildSettings = {
				ALWAYS_SEARCH_USER_PATHS = NO;
				CLANG_ANALYZER_NONNULL = YES;
				CLANG_ANALYZER_NUMBER_OBJECT_CONVERSION = YES_AGGRESSIVE;
				CLANG_CXX_LANGUAGE_STANDARD = "gnu++0x";
				CLANG_CXX_LIBRARY = "libc++";
				CLANG_ENABLE_MODULES = YES;
				CLANG_ENABLE_OBJC_ARC = YES;
				CLANG_WARN_BOOL_CONVERSION = YES;
				CLANG_WARN_CONSTANT_CONVERSION = YES;
				CLANG_WARN_DIRECT_OBJC_ISA_USAGE = YES_ERROR;
				CLANG_WARN_DOCUMENTATION_COMMENTS = YES;
				CLANG_WARN_EMPTY_BODY = YES;
				CLANG_WARN_ENUM_CONVERSION = YES;
				CLANG_WARN_INFINITE_RECURSION = YES;
				CLANG_WARN_INT_CONVERSION = YES;
				CLANG_WARN_OBJC_ROOT_CLASS = YES_ERROR;
				CLANG_WARN_SUSPICIOUS_MOVE = YES;
				CLANG_WARN_UNREACHABLE_CODE = YES;
				CLANG_WARN__DUPLICATE_METHOD_MATCH = YES;
				"CODE_SIGN_IDENTITY[sdk=iphoneos*]" = "iPhone Developer";
				COPY_PHASE_STRIP = NO;
				DEBUG_INFORMATION_FORMAT = dwarf;
				ENABLE_STRICT_OBJC_MSGSEND = YES;
				ENABLE_TESTABILITY = YES;
				GCC_C_LANGUAGE_STANDARD = gnu99;
				GCC_DYNAMIC_NO_PIC = NO;
				GCC_NO_COMMON_BLOCKS = YES;
				GCC_OPTIMIZATION_LEVEL = 0;
				GCC_PREPROCESSOR_DEFINITIONS = (
					"DEBUG=1",
					"$(inherited)",
				);
				GCC_WARN_64_TO_32_BIT_CONVERSION = YES;
				GCC_WARN_ABOUT_RETURN_TYPE = YES_ERROR;
				GCC_WARN_UNDECLARED_SELECTOR = YES;
				GCC_WARN_UNINITIALIZED_AUTOS = YES_AGGRESSIVE;
				GCC_WARN_UNUSED_FUNCTION = YES;
				GCC_WARN_UNUSED_VARIABLE = YES;
				IPHONEOS_DEPLOYMENT_TARGET = 10.3;
				MTL_ENABLE_DEBUG_INFO = YES;
				ONLY_ACTIVE_ARCH = YES;
				SDKROOT = iphoneos;
			};
			name = Debug;
		};
		29277BFA1F049DB200A07A6E /* Release */ = {
			isa = XCBuildConfiguration;
			buildSettings = {
				ALWAYS_SEARCH_USER_PATHS = NO;
				CLANG_ANALYZER_NONNULL = YES;
				CLANG_ANALYZER_NUMBER_OBJECT_CONVERSION = YES_AGGRESSIVE;
				CLANG_CXX_LANGUAGE_STANDARD = "gnu++0x";
				CLANG_CXX_LIBRARY = "libc++";
				CLANG_ENABLE_MODULES = YES;
				CLANG_ENABLE_OBJC_ARC = YES;
				CLANG_WARN_BOOL_CONVERSION = YES;
				CLANG_WARN_CONSTANT_CONVERSION = YES;
				CLANG_WARN_DIRECT_OBJC_ISA_USAGE = YES_ERROR;
				CLANG_WARN_DOCUMENTATION_COMMENTS = YES;
				CLANG_WARN_EMPTY_BODY = YES;
				CLANG_WARN_ENUM_CONVERSION = YES;
				CLANG_WARN_INFINITE_RECURSION = YES;
				CLANG_WARN_INT_CONVERSION = YES;
				CLANG_WARN_OBJC_ROOT_CLASS = YES_ERROR;
				CLANG_WARN_SUSPICIOUS_MOVE = YES;
				CLANG_WARN_UNREACHABLE_CODE = YES;
				CLANG_WARN__DUPLICATE_METHOD_MATCH = YES;
				"CODE_SIGN_IDENTITY[sdk=iphoneos*]" = "iPhone Developer";
				COPY_PHASE_STRIP = NO;
				DEBUG_INFORMATION_FORMAT = "dwarf-with-dsym";
				ENABLE_NS_ASSERTIONS = NO;
				ENABLE_STRICT_OBJC_MSGSEND = YES;
				GCC_C_LANGUAGE_STANDARD = gnu99;
				GCC_NO_COMMON_BLOCKS = YES;
				GCC_WARN_64_TO_32_BIT_CONVERSION = YES;
				GCC_WARN_ABOUT_RETURN_TYPE = YES_ERROR;
				GCC_WARN_UNDECLARED_SELECTOR = YES;
				GCC_WARN_UNINITIALIZED_AUTOS = YES_AGGRESSIVE;
				GCC_WARN_UNUSED_FUNCTION = YES;
				GCC_WARN_UNUSED_VARIABLE = YES;
				IPHONEOS_DEPLOYMENT_TARGET = 10.3;
				MTL_ENABLE_DEBUG_INFO = NO;
				SDKROOT = iphoneos;
				VALIDATE_PRODUCT = YES;
			};
			name = Release;
		};
		29277BFC1F049DB200A07A6E /* Debug */ = {
			isa = XCBuildConfiguration;
			buildSettings = {
				ASSETCATALOG_COMPILER_APPICON_NAME = AppIcon;
				DEVELOPMENT_TEAM = FC6L77GC7H;
				INFOPLIST_FILE = "哈哈哈哈/Info.plist";
				LD_RUNPATH_SEARCH_PATHS = "$(inherited) @executable_path/Frameworks";
				PRODUCT_BUNDLE_IDENTIFIER = "wqeqe.----";
				PRODUCT_NAME = "$(TARGET_NAME)";
			};
			name = Debug;
		};
		29277BFD1F049DB200A07A6E /* Release */ = {
			isa = XCBuildConfiguration;
			buildSettings = {
				ASSETCATALOG_COMPILER_APPICON_NAME = AppIcon;
				DEVELOPMENT_TEAM = FC6L77GC7H;
				INFOPLIST_FILE = "哈哈哈哈/Info.plist";
				LD_RUNPATH_SEARCH_PATHS = "$(inherited) @executable_path/Frameworks";
				PRODUCT_BUNDLE_IDENTIFIER = "wqeqe.----";
				PRODUCT_NAME = "$(TARGET_NAME)";
			};
			name = Release;
		};
		29277BFF1F049DB200A07A6E /* Debug */ = {
			isa = XCBuildConfiguration;
			buildSettings = {
				BUNDLE_LOADER = "$(TEST_HOST)";
				DEVELOPMENT_TEAM = FC6L77GC7H;
				INFOPLIST_FILE = "哈哈哈哈Tests/Info.plist";
				LD_RUNPATH_SEARCH_PATHS = "$(inherited) @executable_path/Frameworks @loader_path/Frameworks";
				PRODUCT_BUNDLE_IDENTIFIER = "wqeqe.----Tests";
				PRODUCT_NAME = "$(TARGET_NAME)";
				TEST_HOST = "$(BUILT_PRODUCTS_DIR)/哈哈哈哈.app/哈哈哈哈";
			};
			name = Debug;
		};
		29277C001F049DB200A07A6E /* Release */ = {
			isa = XCBuildConfiguration;
			buildSettings = {
				BUNDLE_LOADER = "$(TEST_HOST)";
				DEVELOPMENT_TEAM = FC6L77GC7H;
				INFOPLIST_FILE = "哈哈哈哈Tests/Info.plist";
				LD_RUNPATH_SEARCH_PATHS = "$(inherited) @executable_path/Frameworks @loader_path/Frameworks";
				PRODUCT_BUNDLE_IDENTIFIER = "wqeqe.----Tests";
				PRODUCT_NAME = "$(TARGET_NAME)";
				TEST_HOST = "$(BUILT_PRODUCTS_DIR)/哈哈哈哈.app/哈哈哈哈";
			};
			name = Release;
		};
		29277C021F049DB200A07A6E /* Debug */ = {
			isa = XCBuildConfiguration;
			buildSettings = {
				DEVELOPMENT_TEAM = FC6L77GC7H;
				INFOPLIST_FILE = "哈哈哈哈UITests/Info.plist";
				LD_RUNPATH_SEARCH_PATHS = "$(inherited) @executable_path/Frameworks @loader_path/Frameworks";
				PRODUCT_BUNDLE_IDENTIFIER = "wqeqe.----UITests";
				PRODUCT_NAME = "$(TARGET_NAME)";
				TEST_TARGET_NAME = "哈哈哈哈";
			};
			name = Debug;
		};
		29277C031F049DB200A07A6E /* Release */ = {
			isa = XCBuildConfiguration;
			buildSettings = {
				DEVELOPMENT_TEAM = FC6L77GC7H;
				INFOPLIST_FILE = "哈哈哈哈UITests/Info.plist";
				LD_RUNPATH_SEARCH_PATHS = "$(inherited) @executable_path/Frameworks @loader_path/Frameworks";
				PRODUCT_BUNDLE_IDENTIFIER = "wqeqe.----UITests";
				PRODUCT_NAME = "$(TARGET_NAME)";
				TEST_TARGET_NAME = "哈哈哈哈";
			};
			name = Release;
		};
/* End XCBuildConfiguration section */

/* Begin XCConfigurationList section */
		29277BC91F049DB200A07A6E /* Build configuration list for PBXProject "哈哈哈哈" */ = {
			isa = XCConfigurationList;
			buildConfigurations = (
				29277BF91F049DB200A07A6E /* Debug */,
				29277BFA1F049DB200A07A6E /* Release */,
			);
			defaultConfigurationIsVisible = 0;
			defaultConfigurationName = Release;
		};
		29277BFB1F049DB200A07A6E /* Build configuration list for PBXNativeTarget "哈哈哈哈" */ = {
			isa = XCConfigurationList;
			buildConfigurations = (
				29277BFC1F049DB200A07A6E /* Debug */,
				29277BFD1F049DB200A07A6E /* Release */,
			);
			defaultConfigurationIsVisible = 0;
		};
		29277BFE1F049DB200A07A6E /* Build configuration list for PBXNativeTarget "哈哈哈哈Tests" */ = {
			isa = XCConfigurationList;
			buildConfigurations = (
				29277BFF1F049DB200A07A6E /* Debug */,
				29277C001F049DB200A07A6E /* Release */,
			);
			defaultConfigurationIsVisible = 0;
		};
		29277C011F049DB200A07A6E /* Build configuration list for PBXNativeTarget "哈哈哈哈UITests" */ = {
			isa = XCConfigurationList;
			buildConfigurations = (
				29277C021F049DB200A07A6E /* Debug */,
				29277C031F049DB200A07A6E /* Release */,
			);
			defaultConfigurationIsVisible = 0;
		};
/* End XCConfigurationList section */
	};
	rootObject = 29277BC61F049DB200A07A6E /* Project object */;
}
